// !$*UTF8*$!
{
	archiveVersion = 1;
	classes = {
	};
	objectVersion = 56;
	objects = {

/* Begin PBXBuildFile section */
		7B09BB872BF37D140068E71A /* MP4GeneratorApp.swift in Sources */ = {isa = PBXBuildFile; fileRef = 7B09BB862BF37D140068E71A /* MP4GeneratorApp.swift */; };
		7B09BB892BF37D140068E71A /* ContentView.swift in Sources */ = {isa = PBXBuildFile; fileRef = 7B09BB882BF37D140068E71A /* ContentView.swift */; };
		7B09BB8B2BF37D150068E71A /* Assets.xcassets in Resources */ = {isa = PBXBuildFile; fileRef = 7B09BB8A2BF37D150068E71A /* Assets.xcassets */; };
		7B09BB8E2BF37D150068E71A /* Preview Assets.xcassets in Resources */ = {isa = PBXBuildFile; fileRef = 7B09BB8D2BF37D150068E71A /* Preview Assets.xcassets */; };
		7B09BB952BF380130068E71A /* MusicPlayerView.swift in Sources */ = {isa = PBXBuildFile; fileRef = 7B09BB942BF380130068E71A /* MusicPlayerView.swift */; };
		7B09BB982BF384800068E71A /* 10_sec_music.mp3 in Resources */ = {isa = PBXBuildFile; fileRef = 7B09BB972BF384800068E71A /* 10_sec_music.mp3 */; };
		7B09BB9A2BF3862A0068E71A /* AddImageView.swift in Sources */ = {isa = PBXBuildFile; fileRef = 7B09BB992BF3862A0068E71A /* AddImageView.swift */; };
		7B09BB9C2BF387B50068E71A /* ImagePicker.swift in Sources */ = {isa = PBXBuildFile; fileRef = 7B09BB9B2BF387B50068E71A /* ImagePicker.swift */; };
		7B09BB9F2BF3884C0068E71A /* TimerForwardBackwardTextView.swift in Sources */ = {isa = PBXBuildFile; fileRef = 7B09BB9E2BF3884C0068E71A /* TimerForwardBackwardTextView.swift */; };
		7B09BBA12BF388750068E71A /* PlayButtonView.swift in Sources */ = {isa = PBXBuildFile; fileRef = 7B09BBA02BF388750068E71A /* PlayButtonView.swift */; };
		7B09BBA32BF3888D0068E71A /* TimerButtonView.swift in Sources */ = {isa = PBXBuildFile; fileRef = 7B09BBA22BF3888D0068E71A /* TimerButtonView.swift */; };
		7B09BBA62BF388A60068E71A /* MusicDataModel.swift in Sources */ = {isa = PBXBuildFile; fileRef = 7B09BBA52BF388A60068E71A /* MusicDataModel.swift */; };
		7B09BBA92BF388C20068E71A /* PlaybackState.swift in Sources */ = {isa = PBXBuildFile; fileRef = 7B09BBA82BF388C20068E71A /* PlaybackState.swift */; };
		7B09BBAC2BF389250068E71A /* MusicDataViewModel.swift in Sources */ = {isa = PBXBuildFile; fileRef = 7B09BBAB2BF389250068E71A /* MusicDataViewModel.swift */; };
		7B09BBAE2BF389350068E71A /* Constants.swift in Sources */ = {isa = PBXBuildFile; fileRef = 7B09BBAD2BF389350068E71A /* Constants.swift */; };
		7B09BBB02BF389440068E71A /* ButtonActionView.swift in Sources */ = {isa = PBXBuildFile; fileRef = 7B09BBAF2BF389440068E71A /* ButtonActionView.swift */; };
		7B09BBB22BF3895A0068E71A /* CircularProgressView.swift in Sources */ = {isa = PBXBuildFile; fileRef = 7B09BBB12BF3895A0068E71A /* CircularProgressView.swift */; };
		7B09BBB62BF392970068E71A /* SaveImageView.swift in Sources */ = {isa = PBXBuildFile; fileRef = 7B09BBB52BF392970068E71A /* SaveImageView.swift */; };
		7B09BBBB2BF3E7C90068E71A /* PopupView.swift in Sources */ = {isa = PBXBuildFile; fileRef = 7B09BBBA2BF3E7C90068E71A /* PopupView.swift */; };
		7B09BBBD2BF3E8210068E71A /* ActivePopup.swift in Sources */ = {isa = PBXBuildFile; fileRef = 7B09BBBC2BF3E8210068E71A /* ActivePopup.swift */; };
		7B09BBC02BF3E8B80068E71A /* loading.json in Resources */ = {isa = PBXBuildFile; fileRef = 7B09BBBF2BF3E8B80068E71A /* loading.json */; };
		7B09BBC32BF3E8D60068E71A /* Lottie in Frameworks */ = {isa = PBXBuildFile; productRef = 7B09BBC22BF3E8D60068E71A /* Lottie */; };
		7B09BBC62BF3E8E40068E71A /* LottieAnimationView.swift in Sources */ = {isa = PBXBuildFile; fileRef = 7B09BBC52BF3E8E40068E71A /* LottieAnimationView.swift */; };
/* End PBXBuildFile section */

/* Begin PBXFileReference section */
		7B09BB832BF37D140068E71A /* MP4Generator.app */ = {isa = PBXFileReference; explicitFileType = wrapper.application; includeInIndex = 0; path = MP4Generator.app; sourceTree = BUILT_PRODUCTS_DIR; };
		7B09BB862BF37D140068E71A /* MP4GeneratorApp.swift */ = {isa = PBXFileReference; lastKnownFileType = sourcecode.swift; path = MP4GeneratorApp.swift; sourceTree = "<group>"; };
		7B09BB882BF37D140068E71A /* ContentView.swift */ = {isa = PBXFileReference; lastKnownFileType = sourcecode.swift; path = ContentView.swift; sourceTree = "<group>"; };
		7B09BB8A2BF37D150068E71A /* Assets.xcassets */ = {isa = PBXFileReference; lastKnownFileType = folder.assetcatalog; path = Assets.xcassets; sourceTree = "<group>"; };
		7B09BB8D2BF37D150068E71A /* Preview Assets.xcassets */ = {isa = PBXFileReference; lastKnownFileType = folder.assetcatalog; path = "Preview Assets.xcassets"; sourceTree = "<group>"; };
		7B09BB942BF380130068E71A /* MusicPlayerView.swift */ = {isa = PBXFileReference; lastKnownFileType = sourcecode.swift; path = MusicPlayerView.swift; sourceTree = "<group>"; };
		7B09BB972BF384800068E71A /* 10_sec_music.mp3 */ = {isa = PBXFileReference; lastKnownFileType = audio.mp3; path = 10_sec_music.mp3; sourceTree = "<group>"; };
		7B09BB992BF3862A0068E71A /* AddImageView.swift */ = {isa = PBXFileReference; lastKnownFileType = sourcecode.swift; path = AddImageView.swift; sourceTree = "<group>"; };
		7B09BB9B2BF387B50068E71A /* ImagePicker.swift */ = {isa = PBXFileReference; lastKnownFileType = sourcecode.swift; path = ImagePicker.swift; sourceTree = "<group>"; };
		7B09BB9E2BF3884C0068E71A /* TimerForwardBackwardTextView.swift */ = {isa = PBXFileReference; lastKnownFileType = sourcecode.swift; path = TimerForwardBackwardTextView.swift; sourceTree = "<group>"; };
		7B09BBA02BF388750068E71A /* PlayButtonView.swift */ = {isa = PBXFileReference; lastKnownFileType = sourcecode.swift; path = PlayButtonView.swift; sourceTree = "<group>"; };
		7B09BBA22BF3888D0068E71A /* TimerButtonView.swift */ = {isa = PBXFileReference; lastKnownFileType = sourcecode.swift; path = TimerButtonView.swift; sourceTree = "<group>"; };
		7B09BBA52BF388A60068E71A /* MusicDataModel.swift */ = {isa = PBXFileReference; lastKnownFileType = sourcecode.swift; path = MusicDataModel.swift; sourceTree = "<group>"; };
		7B09BBA82BF388C20068E71A /* PlaybackState.swift */ = {isa = PBXFileReference; lastKnownFileType = sourcecode.swift; path = PlaybackState.swift; sourceTree = "<group>"; };
		7B09BBAB2BF389250068E71A /* MusicDataViewModel.swift */ = {isa = PBXFileReference; lastKnownFileType = sourcecode.swift; path = MusicDataViewModel.swift; sourceTree = "<group>"; };
		7B09BBAD2BF389350068E71A /* Constants.swift */ = {isa = PBXFileReference; lastKnownFileType = sourcecode.swift; path = Constants.swift; sourceTree = "<group>"; };
		7B09BBAF2BF389440068E71A /* ButtonActionView.swift */ = {isa = PBXFileReference; lastKnownFileType = sourcecode.swift; path = ButtonActionView.swift; sourceTree = "<group>"; };
		7B09BBB12BF3895A0068E71A /* CircularProgressView.swift */ = {isa = PBXFileReference; lastKnownFileType = sourcecode.swift; path = CircularProgressView.swift; sourceTree = "<group>"; };
		7B09BBB52BF392970068E71A /* SaveImageView.swift */ = {isa = PBXFileReference; lastKnownFileType = sourcecode.swift; path = SaveImageView.swift; sourceTree = "<group>"; };
		7B09BBB92BF3BFD40068E71A /* Info.plist */ = {isa = PBXFileReference; lastKnownFileType = text.plist; path = Info.plist; sourceTree = "<group>"; };
		7B09BBBA2BF3E7C90068E71A /* PopupView.swift */ = {isa = PBXFileReference; lastKnownFileType = sourcecode.swift; path = PopupView.swift; sourceTree = "<group>"; };
		7B09BBBC2BF3E8210068E71A /* ActivePopup.swift */ = {isa = PBXFileReference; lastKnownFileType = sourcecode.swift; path = ActivePopup.swift; sourceTree = "<group>"; };
		7B09BBBF2BF3E8B80068E71A /* loading.json */ = {isa = PBXFileReference; fileEncoding = 4; lastKnownFileType = text.json; path = loading.json; sourceTree = "<group>"; };
		7B09BBC52BF3E8E40068E71A /* LottieAnimationView.swift */ = {isa = PBXFileReference; lastKnownFileType = sourcecode.swift; path = LottieAnimationView.swift; sourceTree = "<group>"; };
/* End PBXFileReference section */

/* Begin PBXFrameworksBuildPhase section */
		7B09BB802BF37D140068E71A /* Frameworks */ = {
			isa = PBXFrameworksBuildPhase;
			buildActionMask = 2147483647;
			files = (
				7B09BBC32BF3E8D60068E71A /* Lottie in Frameworks */,
			);
			runOnlyForDeploymentPostprocessing = 0;
		};
/* End PBXFrameworksBuildPhase section */

/* Begin PBXGroup section */
		7B09BB7A2BF37D140068E71A = {
			isa = PBXGroup;
			children = (
				7B09BB852BF37D140068E71A /* MP4Generator */,
				7B09BB842BF37D140068E71A /* Products */,
			);
			sourceTree = "<group>";
		};
		7B09BB842BF37D140068E71A /* Products */ = {
			isa = PBXGroup;
			children = (
				7B09BB832BF37D140068E71A /* MP4Generator.app */,
			);
			name = Products;
			sourceTree = "<group>";
		};
		7B09BB852BF37D140068E71A /* MP4Generator */ = {
			isa = PBXGroup;
			children = (
				7B09BBBE2BF3E8A90068E71A /* Animation */,
				7B09BBB92BF3BFD40068E71A /* Info.plist */,
				7B09BBB32BF3927F0068E71A /* View */,
				7B09BBAA2BF389140068E71A /* ViewModel */,
				7B09BBA72BF388B60068E71A /* Helpers */,
				7B09BBA42BF3889B0068E71A /* Model */,
				7B09BB962BF3846B0068E71A /* Sound */,
				7B09BB862BF37D140068E71A /* MP4GeneratorApp.swift */,
				7B09BB882BF37D140068E71A /* ContentView.swift */,
				7B09BB8A2BF37D150068E71A /* Assets.xcassets */,
				7B09BB8C2BF37D150068E71A /* Preview Content */,
				7B09BB942BF380130068E71A /* MusicPlayerView.swift */,
				7B09BB992BF3862A0068E71A /* AddImageView.swift */,
				7B09BB9B2BF387B50068E71A /* ImagePicker.swift */,
			);
			path = MP4Generator;
			sourceTree = "<group>";
		};
		7B09BB8C2BF37D150068E71A /* Preview Content */ = {
			isa = PBXGroup;
			children = (
				7B09BB8D2BF37D150068E71A /* Preview Assets.xcassets */,
			);
			path = "Preview Content";
			sourceTree = "<group>";
		};
		7B09BB962BF3846B0068E71A /* Sound */ = {
			isa = PBXGroup;
			children = (
				7B09BB972BF384800068E71A /* 10_sec_music.mp3 */,
			);
			path = Sound;
			sourceTree = "<group>";
		};
		7B09BB9D2BF3882C0068E71A /* MP3Player */ = {
			isa = PBXGroup;
			children = (
				7B09BB9E2BF3884C0068E71A /* TimerForwardBackwardTextView.swift */,
				7B09BBA02BF388750068E71A /* PlayButtonView.swift */,
				7B09BBA22BF3888D0068E71A /* TimerButtonView.swift */,
				7B09BBAF2BF389440068E71A /* ButtonActionView.swift */,
				7B09BBB12BF3895A0068E71A /* CircularProgressView.swift */,
			);
			path = MP3Player;
			sourceTree = "<group>";
		};
		7B09BBA42BF3889B0068E71A /* Model */ = {
			isa = PBXGroup;
			children = (
				7B09BBA52BF388A60068E71A /* MusicDataModel.swift */,
			);
			path = Model;
			sourceTree = "<group>";
		};
		7B09BBA72BF388B60068E71A /* Helpers */ = {
			isa = PBXGroup;
			children = (
				7B09BBA82BF388C20068E71A /* PlaybackState.swift */,
				7B09BBAD2BF389350068E71A /* Constants.swift */,
				7B09BBBC2BF3E8210068E71A /* ActivePopup.swift */,
			);
			path = Helpers;
			sourceTree = "<group>";
		};
		7B09BBAA2BF389140068E71A /* ViewModel */ = {
			isa = PBXGroup;
			children = (
				7B09BBAB2BF389250068E71A /* MusicDataViewModel.swift */,
			);
			path = ViewModel;
			sourceTree = "<group>";
		};
		7B09BBB32BF3927F0068E71A /* View */ = {
			isa = PBXGroup;
			children = (
				7B09BBC42BF3E8DC0068E71A /* Animation */,
				7B09BBB42BF392880068E71A /* Image */,
				7B09BB9D2BF3882C0068E71A /* MP3Player */,
				7B09BBBA2BF3E7C90068E71A /* PopupView.swift */,
			);
			path = View;
			sourceTree = "<group>";
		};
		7B09BBB42BF392880068E71A /* Image */ = {
			isa = PBXGroup;
			children = (
				7B09BBB52BF392970068E71A /* SaveImageView.swift */,
			);
			path = Image;
			sourceTree = "<group>";
		};
		7B09BBBE2BF3E8A90068E71A /* Animation */ = {
			isa = PBXGroup;
			children = (
				7B09BBBF2BF3E8B80068E71A /* loading.json */,
			);
			path = Animation;
			sourceTree = "<group>";
		};
		7B09BBC42BF3E8DC0068E71A /* Animation */ = {
			isa = PBXGroup;
			children = (
				7B09BBC52BF3E8E40068E71A /* LottieAnimationView.swift */,
			);
			path = Animation;
			sourceTree = "<group>";
		};
/* End PBXGroup section */

/* Begin PBXNativeTarget section */
		7B09BB822BF37D140068E71A /* MP4Generator */ = {
			isa = PBXNativeTarget;
			buildConfigurationList = 7B09BB912BF37D150068E71A /* Build configuration list for PBXNativeTarget "MP4Generator" */;
			buildPhases = (
				7B09BB7F2BF37D140068E71A /* Sources */,
				7B09BB802BF37D140068E71A /* Frameworks */,
				7B09BB812BF37D140068E71A /* Resources */,
			);
			buildRules = (
			);
			dependencies = (
			);
			name = MP4Generator;
			packageProductDependencies = (
				7B09BBC22BF3E8D60068E71A /* Lottie */,
			);
			productName = MP4Generator;
			productReference = 7B09BB832BF37D140068E71A /* MP4Generator.app */;
			productType = "com.apple.product-type.application";
		};
/* End PBXNativeTarget section */

/* Begin PBXProject section */
		7B09BB7B2BF37D140068E71A /* Project object */ = {
			isa = PBXProject;
			attributes = {
				BuildIndependentTargetsInParallel = 1;
				LastSwiftUpdateCheck = 1530;
				LastUpgradeCheck = 1530;
				TargetAttributes = {
					7B09BB822BF37D140068E71A = {
						CreatedOnToolsVersion = 15.3;
					};
				};
			};
			buildConfigurationList = 7B09BB7E2BF37D140068E71A /* Build configuration list for PBXProject "MP4Generator" */;
			compatibilityVersion = "Xcode 14.0";
			developmentRegion = en;
			hasScannedForEncodings = 0;
			knownRegions = (
				en,
				Base,
			);
			mainGroup = 7B09BB7A2BF37D140068E71A;
			packageReferences = (
				7B09BBC12BF3E8D60068E71A /* XCRemoteSwiftPackageReference "lottie-ios" */,
			);
			productRefGroup = 7B09BB842BF37D140068E71A /* Products */;
			projectDirPath = "";
			projectRoot = "";
			targets = (
				7B09BB822BF37D140068E71A /* MP4Generator */,
			);
		};
/* End PBXProject section */

/* Begin PBXResourcesBuildPhase section */
		7B09BB812BF37D140068E71A /* Resources */ = {
			isa = PBXResourcesBuildPhase;
			buildActionMask = 2147483647;
			files = (
				7B09BB8E2BF37D150068E71A /* Preview Assets.xcassets in Resources */,
				7B09BB982BF384800068E71A /* 10_sec_music.mp3 in Resources */,
				7B09BB8B2BF37D150068E71A /* Assets.xcassets in Resources */,
				7B09BBC02BF3E8B80068E71A /* loading.json in Resources */,
			);
			runOnlyForDeploymentPostprocessing = 0;
		};
/* End PBXResourcesBuildPhase section */

/* Begin PBXSourcesBuildPhase section */
		7B09BB7F2BF37D140068E71A /* Sources */ = {
			isa = PBXSourcesBuildPhase;
			buildActionMask = 2147483647;
			files = (
				7B09BBA32BF3888D0068E71A /* TimerButtonView.swift in Sources */,
				7B09BB9F2BF3884C0068E71A /* TimerForwardBackwardTextView.swift in Sources */,
				7B09BBB02BF389440068E71A /* ButtonActionView.swift in Sources */,
				7B09BB9A2BF3862A0068E71A /* AddImageView.swift in Sources */,
				7B09BB952BF380130068E71A /* MusicPlayerView.swift in Sources */,
				7B09BB9C2BF387B50068E71A /* ImagePicker.swift in Sources */,
				7B09BB892BF37D140068E71A /* ContentView.swift in Sources */,
				7B09BBAC2BF389250068E71A /* MusicDataViewModel.swift in Sources */,
				7B09BBB62BF392970068E71A /* SaveImageView.swift in Sources */,
				7B09BBBB2BF3E7C90068E71A /* PopupView.swift in Sources */,
				7B09BBC62BF3E8E40068E71A /* LottieAnimationView.swift in Sources */,
				7B09BBA12BF388750068E71A /* PlayButtonView.swift in Sources */,
				7B09BB872BF37D140068E71A /* MP4GeneratorApp.swift in Sources */,
				7B09BBB22BF3895A0068E71A /* CircularProgressView.swift in Sources */,
				7B09BBA92BF388C20068E71A /* PlaybackState.swift in Sources */,
				7B09BBBD2BF3E8210068E71A /* ActivePopup.swift in Sources */,
				7B09BBA62BF388A60068E71A /* MusicDataModel.swift in Sources */,
				7B09BBAE2BF389350068E71A /* Constants.swift in Sources */,
			);
			runOnlyForDeploymentPostprocessing = 0;
		};
/* End PBXSourcesBuildPhase section */

/* Begin XCBuildConfiguration section */
		7B09BB8F2BF37D150068E71A /* Debug */ = {
			isa = XCBuildConfiguration;
			buildSettings = {
				ALWAYS_SEARCH_USER_PATHS = NO;
				ASSETCATALOG_COMPILER_GENERATE_SWIFT_ASSET_SYMBOL_EXTENSIONS = YES;
				CLANG_ANALYZER_NONNULL = YES;
				CLANG_ANALYZER_NUMBER_OBJECT_CONVERSION = YES_AGGRESSIVE;
				CLANG_CXX_LANGUAGE_STANDARD = "gnu++20";
				CLANG_ENABLE_MODULES = YES;
				CLANG_ENABLE_OBJC_ARC = YES;
				CLANG_ENABLE_OBJC_WEAK = YES;
				CLANG_WARN_BLOCK_CAPTURE_AUTORELEASING = YES;
				CLANG_WARN_BOOL_CONVERSION = YES;
				CLANG_WARN_COMMA = YES;
				CLANG_WARN_CONSTANT_CONVERSION = YES;
				CLANG_WARN_DEPRECATED_OBJC_IMPLEMENTATIONS = YES;
				CLANG_WARN_DIRECT_OBJC_ISA_USAGE = YES_ERROR;
				CLANG_WARN_DOCUMENTATION_COMMENTS = YES;
				CLANG_WARN_EMPTY_BODY = YES;
				CLANG_WARN_ENUM_CONVERSION = YES;
				CLANG_WARN_INFINITE_RECURSION = YES;
				CLANG_WARN_INT_CONVERSION = YES;
				CLANG_WARN_NON_LITERAL_NULL_CONVERSION = YES;
				CLANG_WARN_OBJC_IMPLICIT_RETAIN_SELF = YES;
				CLANG_WARN_OBJC_LITERAL_CONVERSION = YES;
				CLANG_WARN_OBJC_ROOT_CLASS = YES_ERROR;
				CLANG_WARN_QUOTED_INCLUDE_IN_FRAMEWORK_HEADER = YES;
				CLANG_WARN_RANGE_LOOP_ANALYSIS = YES;
				CLANG_WARN_STRICT_PROTOTYPES = YES;
				CLANG_WARN_SUSPICIOUS_MOVE = YES;
				CLANG_WARN_UNGUARDED_AVAILABILITY = YES_AGGRESSIVE;
				CLANG_WARN_UNREACHABLE_CODE = YES;
				CLANG_WARN__DUPLICATE_METHOD_MATCH = YES;
				COPY_PHASE_STRIP = NO;
				DEBUG_INFORMATION_FORMAT = dwarf;
				ENABLE_STRICT_OBJC_MSGSEND = YES;
				ENABLE_TESTABILITY = YES;
				ENABLE_USER_SCRIPT_SANDBOXING = YES;
				GCC_C_LANGUAGE_STANDARD = gnu17;
				GCC_DYNAMIC_NO_PIC = NO;
				GCC_NO_COMMON_BLOCKS = YES;
				GCC_OPTIMIZATION_LEVEL = 0;
				GCC_PREPROCESSOR_DEFINITIONS = (
					"DEBUG=1",
					"$(inherited)",
				);
				GCC_WARN_64_TO_32_BIT_CONVERSION = YES;
				GCC_WARN_ABOUT_RETURN_TYPE = YES_ERROR;
				GCC_WARN_UNDECLARED_SELECTOR = YES;
				GCC_WARN_UNINITIALIZED_AUTOS = YES_AGGRESSIVE;
				GCC_WARN_UNUSED_FUNCTION = YES;
				GCC_WARN_UNUSED_VARIABLE = YES;
				IPHONEOS_DEPLOYMENT_TARGET = 17.4;
				LOCALIZATION_PREFERS_STRING_CATALOGS = YES;
				MTL_ENABLE_DEBUG_INFO = INCLUDE_SOURCE;
				MTL_FAST_MATH = YES;
				ONLY_ACTIVE_ARCH = YES;
				SDKROOT = iphoneos;
				SWIFT_ACTIVE_COMPILATION_CONDITIONS = "DEBUG $(inherited)";
				SWIFT_OPTIMIZATION_LEVEL = "-Onone";
			};
			name = Debug;
		};
		7B09BB902BF37D150068E71A /* Release */ = {
			isa = XCBuildConfiguration;
			buildSettings = {
				ALWAYS_SEARCH_USER_PATHS = NO;
				ASSETCATALOG_COMPILER_GENERATE_SWIFT_ASSET_SYMBOL_EXTENSIONS = YES;
				CLANG_ANALYZER_NONNULL = YES;
				CLANG_ANALYZER_NUMBER_OBJECT_CONVERSION = YES_AGGRESSIVE;
				CLANG_CXX_LANGUAGE_STANDARD = "gnu++20";
				CLANG_ENABLE_MODULES = YES;
				CLANG_ENABLE_OBJC_ARC = YES;
				CLANG_ENABLE_OBJC_WEAK = YES;
				CLANG_WARN_BLOCK_CAPTURE_AUTORELEASING = YES;
				CLANG_WARN_BOOL_CONVERSION = YES;
				CLANG_WARN_COMMA = YES;
				CLANG_WARN_CONSTANT_CONVERSION = YES;
				CLANG_WARN_DEPRECATED_OBJC_IMPLEMENTATIONS = YES;
				CLANG_WARN_DIRECT_OBJC_ISA_USAGE = YES_ERROR;
				CLANG_WARN_DOCUMENTATION_COMMENTS = YES;
				CLANG_WARN_EMPTY_BODY = YES;
				CLANG_WARN_ENUM_CONVERSION = YES;
				CLANG_WARN_INFINITE_RECURSION = YES;
				CLANG_WARN_INT_CONVERSION = YES;
				CLANG_WARN_NON_LITERAL_NULL_CONVERSION = YES;
				CLANG_WARN_OBJC_IMPLICIT_RETAIN_SELF = YES;
				CLANG_WARN_OBJC_LITERAL_CONVERSION = YES;
				CLANG_WARN_OBJC_ROOT_CLASS = YES_ERROR;
				CLANG_WARN_QUOTED_INCLUDE_IN_FRAMEWORK_HEADER = YES;
				CLANG_WARN_RANGE_LOOP_ANALYSIS = YES;
				CLANG_WARN_STRICT_PROTOTYPES = YES;
				CLANG_WARN_SUSPICIOUS_MOVE = YES;
				CLANG_WARN_UNGUARDED_AVAILABILITY = YES_AGGRESSIVE;
				CLANG_WARN_UNREACHABLE_CODE = YES;
				CLANG_WARN__DUPLICATE_METHOD_MATCH = YES;
				COPY_PHASE_STRIP = NO;
				DEBUG_INFORMATION_FORMAT = "dwarf-with-dsym";
				ENABLE_NS_ASSERTIONS = NO;
				ENABLE_STRICT_OBJC_MSGSEND = YES;
				ENABLE_USER_SCRIPT_SANDBOXING = YES;
				GCC_C_LANGUAGE_STANDARD = gnu17;
				GCC_NO_COMMON_BLOCKS = YES;
				GCC_WARN_64_TO_32_BIT_CONVERSION = YES;
				GCC_WARN_ABOUT_RETURN_TYPE = YES_ERROR;
				GCC_WARN_UNDECLARED_SELECTOR = YES;
				GCC_WARN_UNINITIALIZED_AUTOS = YES_AGGRESSIVE;
				GCC_WARN_UNUSED_FUNCTION = YES;
				GCC_WARN_UNUSED_VARIABLE = YES;
				IPHONEOS_DEPLOYMENT_TARGET = 17.4;
				LOCALIZATION_PREFERS_STRING_CATALOGS = YES;
				MTL_ENABLE_DEBUG_INFO = NO;
				MTL_FAST_MATH = YES;
				SDKROOT = iphoneos;
				SWIFT_COMPILATION_MODE = wholemodule;
				VALIDATE_PRODUCT = YES;
			};
			name = Release;
		};
		7B09BB922BF37D150068E71A /* Debug */ = {
			isa = XCBuildConfiguration;
			buildSettings = {
				ASSETCATALOG_COMPILER_APPICON_NAME = AppIcon;
				ASSETCATALOG_COMPILER_GLOBAL_ACCENT_COLOR_NAME = AccentColor;
				CODE_SIGN_STYLE = Automatic;
				CURRENT_PROJECT_VERSION = 1;
				DEVELOPMENT_ASSET_PATHS = "\"MP4Generator/Preview Content\"";
				DEVELOPMENT_TEAM = KTK732WRHB;
				ENABLE_PREVIEWS = YES;
				GENERATE_INFOPLIST_FILE = YES;
				INFOPLIST_FILE = MP4Generator/Info.plist;
				INFOPLIST_KEY_UIApplicationSceneManifest_Generation = YES;
				INFOPLIST_KEY_UIApplicationSupportsIndirectInputEvents = YES;
				INFOPLIST_KEY_UILaunchScreen_Generation = YES;
				INFOPLIST_KEY_UISupportedInterfaceOrientations_iPad = "UIInterfaceOrientationPortrait UIInterfaceOrientationPortraitUpsideDown UIInterfaceOrientationLandscapeLeft UIInterfaceOrientationLandscapeRight";
				INFOPLIST_KEY_UISupportedInterfaceOrientations_iPhone = "UIInterfaceOrientationPortrait UIInterfaceOrientationLandscapeLeft UIInterfaceOrientationLandscapeRight";
				LD_RUNPATH_SEARCH_PATHS = (
					"$(inherited)",
					"@executable_path/Frameworks",
				);
				MARKETING_VERSION = 1.0;
				PRODUCT_BUNDLE_IDENTIFIER = com.allymationes.MP4Generator;
				PRODUCT_NAME = "$(TARGET_NAME)";
				SWIFT_EMIT_LOC_STRINGS = YES;
				SWIFT_VERSION = 5.0;
				TARGETED_DEVICE_FAMILY = "1,2";
			};
			name = Debug;
		};
		7B09BB932BF37D150068E71A /* Release */ = {
			isa = XCBuildConfiguration;
			buildSettings = {
				ASSETCATALOG_COMPILER_APPICON_NAME = AppIcon;
				ASSETCATALOG_COMPILER_GLOBAL_ACCENT_COLOR_NAME = AccentColor;
				CODE_SIGN_STYLE = Automatic;
				CURRENT_PROJECT_VERSION = 1;
				DEVELOPMENT_ASSET_PATHS = "\"MP4Generator/Preview Content\"";
				DEVELOPMENT_TEAM = KTK732WRHB;
				ENABLE_PREVIEWS = YES;
				GENERATE_INFOPLIST_FILE = YES;
				INFOPLIST_FILE = MP4Generator/Info.plist;
				INFOPLIST_KEY_UIApplicationSceneManifest_Generation = YES;
				INFOPLIST_KEY_UIApplicationSupportsIndirectInputEvents = YES;
				INFOPLIST_KEY_UILaunchScreen_Generation = YES;
				INFOPLIST_KEY_UISupportedInterfaceOrientations_iPad = "UIInterfaceOrientationPortrait UIInterfaceOrientationPortraitUpsideDown UIInterfaceOrientationLandscapeLeft UIInterfaceOrientationLandscapeRight";
				INFOPLIST_KEY_UISupportedInterfaceOrientations_iPhone = "UIInterfaceOrientationPortrait UIInterfaceOrientationLandscapeLeft UIInterfaceOrientationLandscapeRight";
				LD_RUNPATH_SEARCH_PATHS = (
					"$(inherited)",
					"@executable_path/Frameworks",
				);
				MARKETING_VERSION = 1.0;
				PRODUCT_BUNDLE_IDENTIFIER = com.allymationes.MP4Generator;
				PRODUCT_NAME = "$(TARGET_NAME)";
				SWIFT_EMIT_LOC_STRINGS = YES;
				SWIFT_VERSION = 5.0;
				TARGETED_DEVICE_FAMILY = "1,2";
			};
			name = Release;
		};
/* End XCBuildConfiguration section */

/* Begin XCConfigurationList section */
		7B09BB7E2BF37D140068E71A /* Build configuration list for PBXProject "MP4Generator" */ = {
			isa = XCConfigurationList;
			buildConfigurations = (
				7B09BB8F2BF37D150068E71A /* Debug */,
				7B09BB902BF37D150068E71A /* Release */,
			);
			defaultConfigurationIsVisible = 0;
			defaultConfigurationName = Release;
		};
		7B09BB912BF37D150068E71A /* Build configuration list for PBXNativeTarget "MP4Generator" */ = {
			isa = XCConfigurationList;
			buildConfigurations = (
				7B09BB922BF37D150068E71A /* Debug */,
				7B09BB932BF37D150068E71A /* Release */,
			);
			defaultConfigurationIsVisible = 0;
			defaultConfigurationName = Release;
		};
/* End XCConfigurationList section */

/* Begin XCRemoteSwiftPackageReference section */
		7B09BBC12BF3E8D60068E71A /* XCRemoteSwiftPackageReference "lottie-ios" */ = {
			isa = XCRemoteSwiftPackageReference;
			repositoryURL = "https://github.com/airbnb/lottie-ios.git";
			requirement = {
				kind = upToNextMajorVersion;
				minimumVersion = 4.4.3;
			};
		};
/* End XCRemoteSwiftPackageReference section */

/* Begin XCSwiftPackageProductDependency section */
		7B09BBC22BF3E8D60068E71A /* Lottie */ = {
			isa = XCSwiftPackageProductDependency;
			package = 7B09BBC12BF3E8D60068E71A /* XCRemoteSwiftPackageReference "lottie-ios" */;
			productName = Lottie;
		};
/* End XCSwiftPackageProductDependency section */
	};
	rootObject = 7B09BB7B2BF37D140068E71A /* Project object */;
}
